
Microsoft Visual Studio Solution File, Format Version 12.00
# Visual Studio Version 17
VisualStudioVersion = 17.0.31612.314
MinimumVisualStudioVersion = 10.0.40219.1
Project("{9A19103F-16F7-4668-BE54-9A1E7A4F7556}") = "AntiAfkKick", "AntiAfkKick\AntiAfkKick.csproj", "{30740C5E-DB23-4143-B238-0FA3D29353EF}"
EndProject
Global
	GlobalSection(SolutionConfigurationPlatforms) = preSolution
		Debug|x64 = Debug|x64
		Release|x64 = Release|x64
	EndGlobalSection
	GlobalSection(ProjectConfigurationPlatforms) = postSolution
		{30740C5E-DB23-4143-B238-0FA3D29353EF}.Debug|x64.ActiveCfg = Debug|x64
		{30740C5E-DB23-4143-B238-0FA3D29353EF}.Debug|x64.Build.0 = Debug|x64
		{30740C5E-DB23-4143-B238-0FA3D29353EF}.Release|x64.ActiveCfg = Release|x64
		{30740C5E-DB23-4143-B238-0FA3D29353EF}.Release|x64.Build.0 = Release|x64
	EndGlobalSection
	GlobalSection(SolutionProperties) = preSolution
		HideSolutionNode = FALSE
	EndGlobalSection
	GlobalSection(ExtensibilityGlobals) = postSolution
		SolutionGuid = {BFFAAB91-AEFF-4F04-BC0A-6CD2D382CFA3}
	EndGlobalSection
EndGlobal
